
Microsoft Visual Studio Solution File, Format Version 12.00
# Visual Studio 2012
Project("{8BC9CEB8-8B4A-11D0-8D11-00A0C91BC942}") = "GAME540-Lab-2_Rotate-tri-OPENGL", "GAME540-Lab-2\GAME540-Lab-2.vcxproj", "{1938E1E2-4E9E-48D2-A199-2FE8D3641B5D}"
EndProject
Project("{8BC9CEB8-8B4A-11D0-8D11-00A0C91BC942}") = "GAME540-Lab-1_Draw-square-OPENGL", "GAME540-Lab-1_Draw-square-OPENGL\GAME540-Lab-1_Draw-square-OPENGL.vcxproj", "{B8E41EA5-F46A-4BBD-9220-10C413B05295}"
EndProject
Project("{8BC9CEB8-8B4A-11D0-8D11-00A0C91BC942}") = "GAME540-Lab-3_Multi-Object", "GAME540-Lab-3_Multi-Object\GAME540-Lab-3_Multi-Object.vcxproj", "{A67B7169-C343-4672-A24A-5E2084BC9C4D}"
EndProject
Project("{8BC9CEB8-8B4A-11D0-8D11-00A0C91BC942}") = "GAME540-Lab5_Lighting", "GAME540-Lab5_Lighting\GAME540-Lab5_Lighting.vcxproj", "{AFB57DE1-8BC8-46E2-B429-C90FBFDE9C82}"
EndProject
Project("{8BC9CEB8-8B4A-11D0-8D11-00A0C91BC942}") = "GAME540-Lab6_Textures", "GAME540-Lab6_Textures\GAME540-Lab6_Textures.vcxproj", "{751B025B-DA5C-45D6-BC25-94B8BA7165DA}"
EndProject
Project("{8BC9CEB8-8B4A-11D0-8D11-00A0C91BC942}") = "Game540-Lab7_Blending", "Game540-Lab7\Game540-Lab7.vcxproj", "{E7D2839A-C3C7-43F1-AFDD-51231BAF7D70}"
EndProject
Project("{8BC9CEB8-8B4A-11D0-8D11-00A0C91BC942}") = "GAME540-Lab8_Model-Loading", "GAME540-Lab8_Model-Loading\GAME540-Lab8_Model-Loading.vcxproj", "{4752A48B-D5D6-4C04-AEBD-0F01A07794AC}"
EndProject
Project("{8BC9CEB8-8B4A-11D0-8D11-00A0C91BC942}") = "GAME540-StencilTest", "GAME540-StencilTest\GAME540-StencilTest.vcxproj", "{21CCE649-6398-4CBE-8733-40B9431677B0}"
EndProject
Project("{8BC9CEB8-8B4A-11D0-8D11-00A0C91BC942}") = "GAME540-Lab-8_Tests", "GAME540-Lab-8_Tests\GAME540-Lab-8_Tests.vcxproj", "{E142A578-3156-4B2F-B598-B8CCB77D8DD3}"
EndProject
Project("{8BC9CEB8-8B4A-11D0-8D11-00A0C91BC942}") = "GAME540-Lab-9_Stencil-Test", "GAME540-Lab-9_Stencil-Test\GAME540-Lab-9_Stencil-Test.vcxproj", "{06DA8CC3-A7EC-4D39-8545-F542FEBEF86E}"
EndProject
Global
	GlobalSection(SolutionConfigurationPlatforms) = preSolution
		Debug|Win32 = Debug|Win32
		Release|Win32 = Release|Win32
	EndGlobalSection
	GlobalSection(ProjectConfigurationPlatforms) = postSolution
		{1938E1E2-4E9E-48D2-A199-2FE8D3641B5D}.Debug|Win32.ActiveCfg = Debug|Win32
		{1938E1E2-4E9E-48D2-A199-2FE8D3641B5D}.Debug|Win32.Build.0 = Debug|Win32
		{1938E1E2-4E9E-48D2-A199-2FE8D3641B5D}.Release|Win32.ActiveCfg = Release|Win32
		{1938E1E2-4E9E-48D2-A199-2FE8D3641B5D}.Release|Win32.Build.0 = Release|Win32
		{B8E41EA5-F46A-4BBD-9220-10C413B05295}.Debug|Win32.ActiveCfg = Debug|Win32
		{B8E41EA5-F46A-4BBD-9220-10C413B05295}.Debug|Win32.Build.0 = Debug|Win32
		{B8E41EA5-F46A-4BBD-9220-10C413B05295}.Release|Win32.ActiveCfg = Release|Win32
		{B8E41EA5-F46A-4BBD-9220-10C413B05295}.Release|Win32.Build.0 = Release|Win32
		{A67B7169-C343-4672-A24A-5E2084BC9C4D}.Debug|Win32.ActiveCfg = Debug|Win32
		{A67B7169-C343-4672-A24A-5E2084BC9C4D}.Debug|Win32.Build.0 = Debug|Win32
		{A67B7169-C343-4672-A24A-5E2084BC9C4D}.Release|Win32.ActiveCfg = Release|Win32
		{A67B7169-C343-4672-A24A-5E2084BC9C4D}.Release|Win32.Build.0 = Release|Win32
		{AFB57DE1-8BC8-46E2-B429-C90FBFDE9C82}.Debug|Win32.ActiveCfg = Debug|Win32
		{AFB57DE1-8BC8-46E2-B429-C90FBFDE9C82}.Debug|Win32.Build.0 = Debug|Win32
		{AFB57DE1-8BC8-46E2-B429-C90FBFDE9C82}.Release|Win32.ActiveCfg = Release|Win32
		{AFB57DE1-8BC8-46E2-B429-C90FBFDE9C82}.Release|Win32.Build.0 = Release|Win32
		{751B025B-DA5C-45D6-BC25-94B8BA7165DA}.Debug|Win32.ActiveCfg = Debug|Win32
		{751B025B-DA5C-45D6-BC25-94B8BA7165DA}.Debug|Win32.Build.0 = Debug|Win32
		{751B025B-DA5C-45D6-BC25-94B8BA7165DA}.Release|Win32.ActiveCfg = Release|Win32
		{751B025B-DA5C-45D6-BC25-94B8BA7165DA}.Release|Win32.Build.0 = Release|Win32
		{E7D2839A-C3C7-43F1-AFDD-51231BAF7D70}.Debug|Win32.ActiveCfg = Debug|Win32
		{E7D2839A-C3C7-43F1-AFDD-51231BAF7D70}.Debug|Win32.Build.0 = Debug|Win32
		{E7D2839A-C3C7-43F1-AFDD-51231BAF7D70}.Release|Win32.ActiveCfg = Release|Win32
		{E7D2839A-C3C7-43F1-AFDD-51231BAF7D70}.Release|Win32.Build.0 = Release|Win32
		{4752A48B-D5D6-4C04-AEBD-0F01A07794AC}.Debug|Win32.ActiveCfg = Debug|Win32
		{4752A48B-D5D6-4C04-AEBD-0F01A07794AC}.Debug|Win32.Build.0 = Debug|Win32
		{4752A48B-D5D6-4C04-AEBD-0F01A07794AC}.Release|Win32.ActiveCfg = Release|Win32
		{4752A48B-D5D6-4C04-AEBD-0F01A07794AC}.Release|Win32.Build.0 = Release|Win32
		{21CCE649-6398-4CBE-8733-40B9431677B0}.Debug|Win32.ActiveCfg = Debug|Win32
		{21CCE649-6398-4CBE-8733-40B9431677B0}.Debug|Win32.Build.0 = Debug|Win32
		{21CCE649-6398-4CBE-8733-40B9431677B0}.Release|Win32.ActiveCfg = Release|Win32
		{21CCE649-6398-4CBE-8733-40B9431677B0}.Release|Win32.Build.0 = Release|Win32
		{E142A578-3156-4B2F-B598-B8CCB77D8DD3}.Debug|Win32.ActiveCfg = Debug|Win32
		{E142A578-3156-4B2F-B598-B8CCB77D8DD3}.Debug|Win32.Build.0 = Debug|Win32
		{E142A578-3156-4B2F-B598-B8CCB77D8DD3}.Release|Win32.ActiveCfg = Release|Win32
		{E142A578-3156-4B2F-B598-B8CCB77D8DD3}.Release|Win32.Build.0 = Release|Win32
		{06DA8CC3-A7EC-4D39-8545-F542FEBEF86E}.Debug|Win32.ActiveCfg = Debug|Win32
		{06DA8CC3-A7EC-4D39-8545-F542FEBEF86E}.Debug|Win32.Build.0 = Debug|Win32
		{06DA8CC3-A7EC-4D39-8545-F542FEBEF86E}.Release|Win32.ActiveCfg = Release|Win32
		{06DA8CC3-A7EC-4D39-8545-F542FEBEF86E}.Release|Win32.Build.0 = Release|Win32
	EndGlobalSection
	GlobalSection(SolutionProperties) = preSolution
		HideSolutionNode = FALSE
	EndGlobalSection
EndGlobal
